<Solution>
  <Folder Name="/Solution Items/">
    <File Path=".gitignore" />
    <File Path="ef-snippets.ps1" />
    <File Path="features.md" />
  </Folder>
  <Project Path="WoodWorld.Api/WoodWorld.Api.csproj" />
  <Project Path="WoodWorld.Application/WoodWorld.Application.csproj" />
  <Project Path="WoodWorld.Domain/WoodWorld.Domain.csproj" />
  <Project Path="WoodWorld.Infrastructure/WoodWorld.Infrastructure.csproj" />
  <Project Path="WoodWorld/WoodWorld.csproj" />
</Solution>
